// !$*UTF8*$!
{
	archiveVersion = 1;
	classes = {
	};
	objectVersion = 51;
	objects = {

/* Begin PBXBuildFile section */
		B125742C23A102D31F15E9EE /* Pods_Chocofood_iOS_Internship_App.framework in Frameworks */ = {isa = PBXBuildFile; fileRef = 696C5B8D8424EA6D5A593AC0 /* Pods_Chocofood_iOS_Internship_App.framework */; };
		FB0B6CE225AB6EDE00D51BC3 /* EndPoint.swift in Sources */ = {isa = PBXBuildFile; fileRef = FB0B6CE125AB6EDE00D51BC3 /* EndPoint.swift */; };
		FB0B6CE525AB718800D51BC3 /* API.swift in Sources */ = {isa = PBXBuildFile; fileRef = FB0B6CE425AB718800D51BC3 /* API.swift */; };
		FB0B6CEF25AD836A00D51BC3 /* MarketplaceEndPoint.swift in Sources */ = {isa = PBXBuildFile; fileRef = FB0B6CEE25AD836A00D51BC3 /* MarketplaceEndPoint.swift */; };
		FB27FA1D25A773D200450F24 /* Models.swift in Sources */ = {isa = PBXBuildFile; fileRef = FB27FA1C25A773D200450F24 /* Models.swift */; };
		FB4DACE825B58B4200629C1A /* JSONParameterEncoder.swift in Sources */ = {isa = PBXBuildFile; fileRef = FB4DACE725B58B4200629C1A /* JSONParameterEncoder.swift */; };
		FB4DACEB25B58B7F00629C1A /* ParameterEncoding.swift in Sources */ = {isa = PBXBuildFile; fileRef = FB4DACEA25B58B7F00629C1A /* ParameterEncoding.swift */; };
		FB4DACEE25B58C2C00629C1A /* URLParameterEncoding.swift in Sources */ = {isa = PBXBuildFile; fileRef = FB4DACED25B58C2C00629C1A /* URLParameterEncoding.swift */; };
		FB4DACF125B58CC800629C1A /* NetworkError.swift in Sources */ = {isa = PBXBuildFile; fileRef = FB4DACF025B58CC800629C1A /* NetworkError.swift */; };
		FB61F6E325A4BDD800984F2A /* AppDelegate.swift in Sources */ = {isa = PBXBuildFile; fileRef = FB61F6E225A4BDD800984F2A /* AppDelegate.swift */; };
		FB61F6E525A4BDD800984F2A /* SceneDelegate.swift in Sources */ = {isa = PBXBuildFile; fileRef = FB61F6E425A4BDD800984F2A /* SceneDelegate.swift */; };
		FB61F6E725A4BDD800984F2A /* ViewController.swift in Sources */ = {isa = PBXBuildFile; fileRef = FB61F6E625A4BDD800984F2A /* ViewController.swift */; };
		FB61F6EA25A4BDD800984F2A /* Main.storyboard in Resources */ = {isa = PBXBuildFile; fileRef = FB61F6E825A4BDD800984F2A /* Main.storyboard */; };
		FB61F6EC25A4BDDA00984F2A /* Assets.xcassets in Resources */ = {isa = PBXBuildFile; fileRef = FB61F6EB25A4BDDA00984F2A /* Assets.xcassets */; };
		FB61F6EF25A4BDDA00984F2A /* LaunchScreen.storyboard in Resources */ = {isa = PBXBuildFile; fileRef = FB61F6ED25A4BDDA00984F2A /* LaunchScreen.storyboard */; };
		FBB1230D25B38738008CE9FE /* OrderTableViewCell.swift in Sources */ = {isa = PBXBuildFile; fileRef = FBB1230B25B38738008CE9FE /* OrderTableViewCell.swift */; };
		FBB1230E25B38738008CE9FE /* OrderTableViewCell.xib in Resources */ = {isa = PBXBuildFile; fileRef = FBB1230C25B38738008CE9FE /* OrderTableViewCell.xib */; };
		FBB1231C25B48D7E008CE9FE /* FeedTableViewCell.swift in Sources */ = {isa = PBXBuildFile; fileRef = FBB1231A25B48D7E008CE9FE /* FeedTableViewCell.swift */; };
		FBB1231D25B48D7E008CE9FE /* FeedTableViewCell.xib in Resources */ = {isa = PBXBuildFile; fileRef = FBB1231B25B48D7E008CE9FE /* FeedTableViewCell.xib */; };
		FBDC274F25B1FA9E000F899B /* task2 in Resources */ = {isa = PBXBuildFile; fileRef = FBDC274E25B1FA9E000F899B /* task2 */; };
		FBFF358A25A763E9007A2E2F /* task in Resources */ = {isa = PBXBuildFile; fileRef = FBFF358925A763E9007A2E2F /* task */; };
		FBFF358D25A76432007A2E2F /* NetworkManager.swift in Sources */ = {isa = PBXBuildFile; fileRef = FBFF358C25A76432007A2E2F /* NetworkManager.swift */; };
/* End PBXBuildFile section */

/* Begin PBXFileReference section */
		037A4E4ABD3D074E85D23881 /* Pods-Chocofood-iOS-Internship-App.debug.xcconfig */ = {isa = PBXFileReference; includeInIndex = 1; lastKnownFileType = text.xcconfig; name = "Pods-Chocofood-iOS-Internship-App.debug.xcconfig"; path = "Target Support Files/Pods-Chocofood-iOS-Internship-App/Pods-Chocofood-iOS-Internship-App.debug.xcconfig"; sourceTree = "<group>"; };
		296DB4CAD957AB0FBD3CC661 /* Pods-Chocofood-iOS-Internship-App.release.xcconfig */ = {isa = PBXFileReference; includeInIndex = 1; lastKnownFileType = text.xcconfig; name = "Pods-Chocofood-iOS-Internship-App.release.xcconfig"; path = "Target Support Files/Pods-Chocofood-iOS-Internship-App/Pods-Chocofood-iOS-Internship-App.release.xcconfig"; sourceTree = "<group>"; };
		696C5B8D8424EA6D5A593AC0 /* Pods_Chocofood_iOS_Internship_App.framework */ = {isa = PBXFileReference; explicitFileType = wrapper.framework; includeInIndex = 0; path = Pods_Chocofood_iOS_Internship_App.framework; sourceTree = BUILT_PRODUCTS_DIR; };
		FB0B6CE125AB6EDE00D51BC3 /* EndPoint.swift */ = {isa = PBXFileReference; lastKnownFileType = sourcecode.swift; path = EndPoint.swift; sourceTree = "<group>"; };
		FB0B6CE425AB718800D51BC3 /* API.swift */ = {isa = PBXFileReference; lastKnownFileType = sourcecode.swift; path = API.swift; sourceTree = "<group>"; };
		FB0B6CEE25AD836A00D51BC3 /* MarketplaceEndPoint.swift */ = {isa = PBXFileReference; lastKnownFileType = sourcecode.swift; path = MarketplaceEndPoint.swift; sourceTree = "<group>"; };
		FB27FA1C25A773D200450F24 /* Models.swift */ = {isa = PBXFileReference; lastKnownFileType = sourcecode.swift; path = Models.swift; sourceTree = "<group>"; };
		FB4DACE725B58B4200629C1A /* JSONParameterEncoder.swift */ = {isa = PBXFileReference; lastKnownFileType = sourcecode.swift; path = JSONParameterEncoder.swift; sourceTree = "<group>"; };
		FB4DACEA25B58B7F00629C1A /* ParameterEncoding.swift */ = {isa = PBXFileReference; lastKnownFileType = sourcecode.swift; path = ParameterEncoding.swift; sourceTree = "<group>"; };
		FB4DACED25B58C2C00629C1A /* URLParameterEncoding.swift */ = {isa = PBXFileReference; lastKnownFileType = sourcecode.swift; path = URLParameterEncoding.swift; sourceTree = "<group>"; };
		FB4DACF025B58CC800629C1A /* NetworkError.swift */ = {isa = PBXFileReference; lastKnownFileType = sourcecode.swift; path = NetworkError.swift; sourceTree = "<group>"; };
		FB61F6DF25A4BDD800984F2A /* Chocofood-iOS-Internship-App.app */ = {isa = PBXFileReference; explicitFileType = wrapper.application; includeInIndex = 0; path = "Chocofood-iOS-Internship-App.app"; sourceTree = BUILT_PRODUCTS_DIR; };
		FB61F6E225A4BDD800984F2A /* AppDelegate.swift */ = {isa = PBXFileReference; lastKnownFileType = sourcecode.swift; path = AppDelegate.swift; sourceTree = "<group>"; };
		FB61F6E425A4BDD800984F2A /* SceneDelegate.swift */ = {isa = PBXFileReference; lastKnownFileType = sourcecode.swift; path = SceneDelegate.swift; sourceTree = "<group>"; };
		FB61F6E625A4BDD800984F2A /* ViewController.swift */ = {isa = PBXFileReference; lastKnownFileType = sourcecode.swift; path = ViewController.swift; sourceTree = "<group>"; };
		FB61F6E925A4BDD800984F2A /* Base */ = {isa = PBXFileReference; lastKnownFileType = file.storyboard; name = Base; path = Base.lproj/Main.storyboard; sourceTree = "<group>"; };
		FB61F6EB25A4BDDA00984F2A /* Assets.xcassets */ = {isa = PBXFileReference; lastKnownFileType = folder.assetcatalog; path = Assets.xcassets; sourceTree = "<group>"; };
		FB61F6EE25A4BDDA00984F2A /* Base */ = {isa = PBXFileReference; lastKnownFileType = file.storyboard; name = Base; path = Base.lproj/LaunchScreen.storyboard; sourceTree = "<group>"; };
		FB61F6F025A4BDDA00984F2A /* Info.plist */ = {isa = PBXFileReference; lastKnownFileType = text.plist.xml; path = Info.plist; sourceTree = "<group>"; };
		FBB1230B25B38738008CE9FE /* OrderTableViewCell.swift */ = {isa = PBXFileReference; lastKnownFileType = sourcecode.swift; path = OrderTableViewCell.swift; sourceTree = "<group>"; };
		FBB1230C25B38738008CE9FE /* OrderTableViewCell.xib */ = {isa = PBXFileReference; lastKnownFileType = file.xib; path = OrderTableViewCell.xib; sourceTree = "<group>"; };
		FBB1231A25B48D7E008CE9FE /* FeedTableViewCell.swift */ = {isa = PBXFileReference; lastKnownFileType = sourcecode.swift; path = FeedTableViewCell.swift; sourceTree = "<group>"; };
		FBB1231B25B48D7E008CE9FE /* FeedTableViewCell.xib */ = {isa = PBXFileReference; lastKnownFileType = file.xib; path = FeedTableViewCell.xib; sourceTree = "<group>"; };
		FBDC274E25B1FA9E000F899B /* task2 */ = {isa = PBXFileReference; lastKnownFileType = text; path = task2; sourceTree = "<group>"; };
		FBFF358925A763E9007A2E2F /* task */ = {isa = PBXFileReference; lastKnownFileType = text; path = task; sourceTree = "<group>"; };
		FBFF358C25A76432007A2E2F /* NetworkManager.swift */ = {isa = PBXFileReference; lastKnownFileType = sourcecode.swift; path = NetworkManager.swift; sourceTree = "<group>"; };
/* End PBXFileReference section */

/* Begin PBXFrameworksBuildPhase section */
		FB61F6DC25A4BDD800984F2A /* Frameworks */ = {
			isa = PBXFrameworksBuildPhase;
			buildActionMask = 2147483647;
			files = (
				B125742C23A102D31F15E9EE /* Pods_Chocofood_iOS_Internship_App.framework in Frameworks */,
			);
			runOnlyForDeploymentPostprocessing = 0;
		};
/* End PBXFrameworksBuildPhase section */

/* Begin PBXGroup section */
		8C22F8E266FF9C7C28CA2ED5 /* Frameworks */ = {
			isa = PBXGroup;
			children = (
				696C5B8D8424EA6D5A593AC0 /* Pods_Chocofood_iOS_Internship_App.framework */,
			);
			name = Frameworks;
			sourceTree = "<group>";
		};
		AB470FD5D3D018214C21F594 /* Pods */ = {
			isa = PBXGroup;
			children = (
				037A4E4ABD3D074E85D23881 /* Pods-Chocofood-iOS-Internship-App.debug.xcconfig */,
				296DB4CAD957AB0FBD3CC661 /* Pods-Chocofood-iOS-Internship-App.release.xcconfig */,
			);
			path = Pods;
			sourceTree = "<group>";
		};
		FB0B6CED25AD830900D51BC3 /* Service */ = {
			isa = PBXGroup;
			children = (
				FB4DACE625B58B3700629C1A /* Encoding */,
				FBFF358C25A76432007A2E2F /* NetworkManager.swift */,
				FB0B6CE125AB6EDE00D51BC3 /* EndPoint.swift */,
				FB0B6CE425AB718800D51BC3 /* API.swift */,
				FB0B6CEE25AD836A00D51BC3 /* MarketplaceEndPoint.swift */,
			);
			path = Service;
			sourceTree = "<group>";
		};
		FB27FA1B25A772D500450F24 /* Model */ = {
			isa = PBXGroup;
			children = (
				FB27FA1C25A773D200450F24 /* Models.swift */,
			);
			path = Model;
			sourceTree = "<group>";
		};
		FB4DACE425B588F300629C1A /* View */ = {
			isa = PBXGroup;
			children = (
				FBB1230B25B38738008CE9FE /* OrderTableViewCell.swift */,
				FBB1231A25B48D7E008CE9FE /* FeedTableViewCell.swift */,
				FBB1230C25B38738008CE9FE /* OrderTableViewCell.xib */,
				FBB1231B25B48D7E008CE9FE /* FeedTableViewCell.xib */,
				FB61F6E825A4BDD800984F2A /* Main.storyboard */,
				FB61F6ED25A4BDDA00984F2A /* LaunchScreen.storyboard */,
			);
			path = View;
			sourceTree = "<group>";
		};
		FB4DACE525B5891800629C1A /* Controller */ = {
			isa = PBXGroup;
			children = (
				FB61F6E625A4BDD800984F2A /* ViewController.swift */,
			);
			path = Controller;
			sourceTree = "<group>";
		};
		FB4DACE625B58B3700629C1A /* Encoding */ = {
			isa = PBXGroup;
			children = (
				FB4DACE725B58B4200629C1A /* JSONParameterEncoder.swift */,
				FB4DACEA25B58B7F00629C1A /* ParameterEncoding.swift */,
				FB4DACED25B58C2C00629C1A /* URLParameterEncoding.swift */,
				FB4DACF025B58CC800629C1A /* NetworkError.swift */,
			);
			path = Encoding;
			sourceTree = "<group>";
		};
		FB61F6D625A4BDD800984F2A = {
			isa = PBXGroup;
			children = (
				FB61F6E125A4BDD800984F2A /* Chocofood-iOS-Internship-App */,
				FB61F6E025A4BDD800984F2A /* Products */,
				AB470FD5D3D018214C21F594 /* Pods */,
				8C22F8E266FF9C7C28CA2ED5 /* Frameworks */,
			);
			sourceTree = "<group>";
		};
		FB61F6E025A4BDD800984F2A /* Products */ = {
			isa = PBXGroup;
			children = (
				FB61F6DF25A4BDD800984F2A /* Chocofood-iOS-Internship-App.app */,
			);
			name = Products;
			sourceTree = "<group>";
		};
		FB61F6E125A4BDD800984F2A /* Chocofood-iOS-Internship-App */ = {
			isa = PBXGroup;
			children = (
				FB4DACE525B5891800629C1A /* Controller */,
				FB4DACE425B588F300629C1A /* View */,
				FB0B6CED25AD830900D51BC3 /* Service */,
				FB27FA1B25A772D500450F24 /* Model */,
				FB61F6E225A4BDD800984F2A /* AppDelegate.swift */,
				FB61F6E425A4BDD800984F2A /* SceneDelegate.swift */,
				FB61F6EB25A4BDDA00984F2A /* Assets.xcassets */,
				FB61F6F025A4BDDA00984F2A /* Info.plist */,
				FBFF358925A763E9007A2E2F /* task */,
				FBDC274E25B1FA9E000F899B /* task2 */,
			);
			path = "Chocofood-iOS-Internship-App";
			sourceTree = "<group>";
		};
/* End PBXGroup section */

/* Begin PBXNativeTarget section */
		FB61F6DE25A4BDD800984F2A /* Chocofood-iOS-Internship-App */ = {
			isa = PBXNativeTarget;
			buildConfigurationList = FB61F6F325A4BDDA00984F2A /* Build configuration list for PBXNativeTarget "Chocofood-iOS-Internship-App" */;
			buildPhases = (
				A55267F1351931177B1D6E78 /* [CP] Check Pods Manifest.lock */,
				FB61F6DB25A4BDD800984F2A /* Sources */,
				FB61F6DC25A4BDD800984F2A /* Frameworks */,
				FB61F6DD25A4BDD800984F2A /* Resources */,
				F24F9320C3516DA78F82798E /* [CP] Embed Pods Frameworks */,
			);
			buildRules = (
			);
			dependencies = (
			);
			name = "Chocofood-iOS-Internship-App";
			productName = "Chocofood-iOS-Internship-App";
			productReference = FB61F6DF25A4BDD800984F2A /* Chocofood-iOS-Internship-App.app */;
			productType = "com.apple.product-type.application";
		};
/* End PBXNativeTarget section */

/* Begin PBXProject section */
		FB61F6D725A4BDD800984F2A /* Project object */ = {
			isa = PBXProject;
			attributes = {
				LastSwiftUpdateCheck = 1210;
				LastUpgradeCheck = 1210;
				TargetAttributes = {
					FB61F6DE25A4BDD800984F2A = {
						CreatedOnToolsVersion = 12.1;
					};
				};
			};
			buildConfigurationList = FB61F6DA25A4BDD800984F2A /* Build configuration list for PBXProject "Chocofood-iOS-Internship-App" */;
			compatibilityVersion = "Xcode 9.3";
			developmentRegion = en;
			hasScannedForEncodings = 0;
			knownRegions = (
				en,
				Base,
			);
			mainGroup = FB61F6D625A4BDD800984F2A;
			productRefGroup = FB61F6E025A4BDD800984F2A /* Products */;
			projectDirPath = "";
			projectRoot = "";
			targets = (
				FB61F6DE25A4BDD800984F2A /* Chocofood-iOS-Internship-App */,
			);
		};
/* End PBXProject section */

/* Begin PBXResourcesBuildPhase section */
		FB61F6DD25A4BDD800984F2A /* Resources */ = {
			isa = PBXResourcesBuildPhase;
			buildActionMask = 2147483647;
			files = (
				FBB1230E25B38738008CE9FE /* OrderTableViewCell.xib in Resources */,
				FB61F6EF25A4BDDA00984F2A /* LaunchScreen.storyboard in Resources */,
				FB61F6EC25A4BDDA00984F2A /* Assets.xcassets in Resources */,
				FB61F6EA25A4BDD800984F2A /* Main.storyboard in Resources */,
				FBB1231D25B48D7E008CE9FE /* FeedTableViewCell.xib in Resources */,
				FBDC274F25B1FA9E000F899B /* task2 in Resources */,
				FBFF358A25A763E9007A2E2F /* task in Resources */,
			);
			runOnlyForDeploymentPostprocessing = 0;
		};
/* End PBXResourcesBuildPhase section */

/* Begin PBXShellScriptBuildPhase section */
		A55267F1351931177B1D6E78 /* [CP] Check Pods Manifest.lock */ = {
			isa = PBXShellScriptBuildPhase;
			buildActionMask = 2147483647;
			files = (
			);
			inputFileListPaths = (
			);
			inputPaths = (
				"${PODS_PODFILE_DIR_PATH}/Podfile.lock",
				"${PODS_ROOT}/Manifest.lock",
			);
			name = "[CP] Check Pods Manifest.lock";
			outputFileListPaths = (
			);
			outputPaths = (
				"$(DERIVED_FILE_DIR)/Pods-Chocofood-iOS-Internship-App-checkManifestLockResult.txt",
			);
			runOnlyForDeploymentPostprocessing = 0;
			shellPath = /bin/sh;
			shellScript = "diff \"${PODS_PODFILE_DIR_PATH}/Podfile.lock\" \"${PODS_ROOT}/Manifest.lock\" > /dev/null\nif [ $? != 0 ] ; then\n    # print error to STDERR\n    echo \"error: The sandbox is not in sync with the Podfile.lock. Run 'pod install' or update your CocoaPods installation.\" >&2\n    exit 1\nfi\n# This output is used by Xcode 'outputs' to avoid re-running this script phase.\necho \"SUCCESS\" > \"${SCRIPT_OUTPUT_FILE_0}\"\n";
			showEnvVarsInLog = 0;
		};
		F24F9320C3516DA78F82798E /* [CP] Embed Pods Frameworks */ = {
			isa = PBXShellScriptBuildPhase;
			buildActionMask = 2147483647;
			files = (
			);
			inputFileListPaths = (
				"${PODS_ROOT}/Target Support Files/Pods-Chocofood-iOS-Internship-App/Pods-Chocofood-iOS-Internship-App-frameworks-${CONFIGURATION}-input-files.xcfilelist",
			);
			name = "[CP] Embed Pods Frameworks";
			outputFileListPaths = (
				"${PODS_ROOT}/Target Support Files/Pods-Chocofood-iOS-Internship-App/Pods-Chocofood-iOS-Internship-App-frameworks-${CONFIGURATION}-output-files.xcfilelist",
			);
			runOnlyForDeploymentPostprocessing = 0;
			shellPath = /bin/sh;
			shellScript = "\"${PODS_ROOT}/Target Support Files/Pods-Chocofood-iOS-Internship-App/Pods-Chocofood-iOS-Internship-App-frameworks.sh\"\n";
			showEnvVarsInLog = 0;
		};
/* End PBXShellScriptBuildPhase section */

/* Begin PBXSourcesBuildPhase section */
		FB61F6DB25A4BDD800984F2A /* Sources */ = {
			isa = PBXSourcesBuildPhase;
			buildActionMask = 2147483647;
			files = (
				FB61F6E725A4BDD800984F2A /* ViewController.swift in Sources */,
				FB4DACF125B58CC800629C1A /* NetworkError.swift in Sources */,
				FB0B6CEF25AD836A00D51BC3 /* MarketplaceEndPoint.swift in Sources */,
				FB4DACEE25B58C2C00629C1A /* URLParameterEncoding.swift in Sources */,
				FBFF358D25A76432007A2E2F /* NetworkManager.swift in Sources */,
				FB0B6CE225AB6EDE00D51BC3 /* EndPoint.swift in Sources */,
				FB4DACE825B58B4200629C1A /* JSONParameterEncoder.swift in Sources */,
				FB61F6E325A4BDD800984F2A /* AppDelegate.swift in Sources */,
				FB4DACEB25B58B7F00629C1A /* ParameterEncoding.swift in Sources */,
				FB61F6E525A4BDD800984F2A /* SceneDelegate.swift in Sources */,
				FBB1230D25B38738008CE9FE /* OrderTableViewCell.swift in Sources */,
				FB27FA1D25A773D200450F24 /* Models.swift in Sources */,
				FB0B6CE525AB718800D51BC3 /* API.swift in Sources */,
				FBB1231C25B48D7E008CE9FE /* FeedTableViewCell.swift in Sources */,
			);
			runOnlyForDeploymentPostprocessing = 0;
		};
/* End PBXSourcesBuildPhase section */

/* Begin PBXVariantGroup section */
		FB61F6E825A4BDD800984F2A /* Main.storyboard */ = {
			isa = PBXVariantGroup;
			children = (
				FB61F6E925A4BDD800984F2A /* Base */,
			);
			name = Main.storyboard;
			sourceTree = "<group>";
		};
		FB61F6ED25A4BDDA00984F2A /* LaunchScreen.storyboard */ = {
			isa = PBXVariantGroup;
			children = (
				FB61F6EE25A4BDDA00984F2A /* Base */,
			);
			name = LaunchScreen.storyboard;
			sourceTree = "<group>";
		};
/* End PBXVariantGroup section */

/* Begin XCBuildConfiguration section */
		FB61F6F125A4BDDA00984F2A /* Debug */ = {
			isa = XCBuildConfiguration;
			buildSettings = {
				ALWAYS_SEARCH_USER_PATHS = NO;
				CLANG_ANALYZER_NONNULL = YES;
				CLANG_ANALYZER_NUMBER_OBJECT_CONVERSION = YES_AGGRESSIVE;
				CLANG_CXX_LANGUAGE_STANDARD = "gnu++14";
				CLANG_CXX_LIBRARY = "libc++";
				CLANG_ENABLE_MODULES = YES;
				CLANG_ENABLE_OBJC_ARC = YES;
				CLANG_ENABLE_OBJC_WEAK = YES;
				CLANG_WARN_BLOCK_CAPTURE_AUTORELEASING = YES;
				CLANG_WARN_BOOL_CONVERSION = YES;
				CLANG_WARN_COMMA = YES;
				CLANG_WARN_CONSTANT_CONVERSION = YES;
				CLANG_WARN_DEPRECATED_OBJC_IMPLEMENTATIONS = YES;
				CLANG_WARN_DIRECT_OBJC_ISA_USAGE = YES_ERROR;
				CLANG_WARN_DOCUMENTATION_COMMENTS = YES;
				CLANG_WARN_EMPTY_BODY = YES;
				CLANG_WARN_ENUM_CONVERSION = YES;
				CLANG_WARN_INFINITE_RECURSION = YES;
				CLANG_WARN_INT_CONVERSION = YES;
				CLANG_WARN_NON_LITERAL_NULL_CONVERSION = YES;
				CLANG_WARN_OBJC_IMPLICIT_RETAIN_SELF = YES;
				CLANG_WARN_OBJC_LITERAL_CONVERSION = YES;
				CLANG_WARN_OBJC_ROOT_CLASS = YES_ERROR;
				CLANG_WARN_QUOTED_INCLUDE_IN_FRAMEWORK_HEADER = YES;
				CLANG_WARN_RANGE_LOOP_ANALYSIS = YES;
				CLANG_WARN_STRICT_PROTOTYPES = YES;
				CLANG_WARN_SUSPICIOUS_MOVE = YES;
				CLANG_WARN_UNGUARDED_AVAILABILITY = YES_AGGRESSIVE;
				CLANG_WARN_UNREACHABLE_CODE = YES;
				CLANG_WARN__DUPLICATE_METHOD_MATCH = YES;
				COPY_PHASE_STRIP = NO;
				DEBUG_INFORMATION_FORMAT = dwarf;
				ENABLE_STRICT_OBJC_MSGSEND = YES;
				ENABLE_TESTABILITY = YES;
				GCC_C_LANGUAGE_STANDARD = gnu11;
				GCC_DYNAMIC_NO_PIC = NO;
				GCC_NO_COMMON_BLOCKS = YES;
				GCC_OPTIMIZATION_LEVEL = 0;
				GCC_PREPROCESSOR_DEFINITIONS = (
					"DEBUG=1",
					"$(inherited)",
				);
				GCC_WARN_64_TO_32_BIT_CONVERSION = YES;
				GCC_WARN_ABOUT_RETURN_TYPE = YES_ERROR;
				GCC_WARN_UNDECLARED_SELECTOR = YES;
				GCC_WARN_UNINITIALIZED_AUTOS = YES_AGGRESSIVE;
				GCC_WARN_UNUSED_FUNCTION = YES;
				GCC_WARN_UNUSED_VARIABLE = YES;
				IPHONEOS_DEPLOYMENT_TARGET = 14.1;
				MTL_ENABLE_DEBUG_INFO = INCLUDE_SOURCE;
				MTL_FAST_MATH = YES;
				ONLY_ACTIVE_ARCH = YES;
				SDKROOT = iphoneos;
				SWIFT_ACTIVE_COMPILATION_CONDITIONS = DEBUG;
				SWIFT_OPTIMIZATION_LEVEL = "-Onone";
			};
			name = Debug;
		};
		FB61F6F225A4BDDA00984F2A /* Release */ = {
			isa = XCBuildConfiguration;
			buildSettings = {
				ALWAYS_SEARCH_USER_PATHS = NO;
				CLANG_ANALYZER_NONNULL = YES;
				CLANG_ANALYZER_NUMBER_OBJECT_CONVERSION = YES_AGGRESSIVE;
				CLANG_CXX_LANGUAGE_STANDARD = "gnu++14";
				CLANG_CXX_LIBRARY = "libc++";
				CLANG_ENABLE_MODULES = YES;
				CLANG_ENABLE_OBJC_ARC = YES;
				CLANG_ENABLE_OBJC_WEAK = YES;
				CLANG_WARN_BLOCK_CAPTURE_AUTORELEASING = YES;
				CLANG_WARN_BOOL_CONVERSION = YES;
				CLANG_WARN_COMMA = YES;
				CLANG_WARN_CONSTANT_CONVERSION = YES;
				CLANG_WARN_DEPRECATED_OBJC_IMPLEMENTATIONS = YES;
				CLANG_WARN_DIRECT_OBJC_ISA_USAGE = YES_ERROR;
				CLANG_WARN_DOCUMENTATION_COMMENTS = YES;
				CLANG_WARN_EMPTY_BODY = YES;
				CLANG_WARN_ENUM_CONVERSION = YES;
				CLANG_WARN_INFINITE_RECURSION = YES;
				CLANG_WARN_INT_CONVERSION = YES;
				CLANG_WARN_NON_LITERAL_NULL_CONVERSION = YES;
				CLANG_WARN_OBJC_IMPLICIT_RETAIN_SELF = YES;
				CLANG_WARN_OBJC_LITERAL_CONVERSION = YES;
				CLANG_WARN_OBJC_ROOT_CLASS = YES_ERROR;
				CLANG_WARN_QUOTED_INCLUDE_IN_FRAMEWORK_HEADER = YES;
				CLANG_WARN_RANGE_LOOP_ANALYSIS = YES;
				CLANG_WARN_STRICT_PROTOTYPES = YES;
				CLANG_WARN_SUSPICIOUS_MOVE = YES;
				CLANG_WARN_UNGUARDED_AVAILABILITY = YES_AGGRESSIVE;
				CLANG_WARN_UNREACHABLE_CODE = YES;
				CLANG_WARN__DUPLICATE_METHOD_MATCH = YES;
				COPY_PHASE_STRIP = NO;
				DEBUG_INFORMATION_FORMAT = "dwarf-with-dsym";
				ENABLE_NS_ASSERTIONS = NO;
				ENABLE_STRICT_OBJC_MSGSEND = YES;
				GCC_C_LANGUAGE_STANDARD = gnu11;
				GCC_NO_COMMON_BLOCKS = YES;
				GCC_WARN_64_TO_32_BIT_CONVERSION = YES;
				GCC_WARN_ABOUT_RETURN_TYPE = YES_ERROR;
				GCC_WARN_UNDECLARED_SELECTOR = YES;
				GCC_WARN_UNINITIALIZED_AUTOS = YES_AGGRESSIVE;
				GCC_WARN_UNUSED_FUNCTION = YES;
				GCC_WARN_UNUSED_VARIABLE = YES;
				IPHONEOS_DEPLOYMENT_TARGET = 14.1;
				MTL_ENABLE_DEBUG_INFO = NO;
				MTL_FAST_MATH = YES;
				SDKROOT = iphoneos;
				SWIFT_COMPILATION_MODE = wholemodule;
				SWIFT_OPTIMIZATION_LEVEL = "-O";
				VALIDATE_PRODUCT = YES;
			};
			name = Release;
		};
		FB61F6F425A4BDDA00984F2A /* Debug */ = {
			isa = XCBuildConfiguration;
			baseConfigurationReference = 037A4E4ABD3D074E85D23881 /* Pods-Chocofood-iOS-Internship-App.debug.xcconfig */;
			buildSettings = {
				ASSETCATALOG_COMPILER_APPICON_NAME = AppIcon;
				ASSETCATALOG_COMPILER_GLOBAL_ACCENT_COLOR_NAME = AccentColor;
				CODE_SIGN_STYLE = Automatic;
				INFOPLIST_FILE = "Chocofood-iOS-Internship-App/Info.plist";
				LD_RUNPATH_SEARCH_PATHS = (
					"$(inherited)",
					"@executable_path/Frameworks",
				);
				PRODUCT_BUNDLE_IDENTIFIER = "com.ars192.Chocofood-iOS-Internship-App";
				PRODUCT_NAME = "$(TARGET_NAME)";
				SWIFT_VERSION = 5.0;
				TARGETED_DEVICE_FAMILY = "1,2";
			};
			name = Debug;
		};
		FB61F6F525A4BDDA00984F2A /* Release */ = {
			isa = XCBuildConfiguration;
			baseConfigurationReference = 296DB4CAD957AB0FBD3CC661 /* Pods-Chocofood-iOS-Internship-App.release.xcconfig */;
			buildSettings = {
				ASSETCATALOG_COMPILER_APPICON_NAME = AppIcon;
				ASSETCATALOG_COMPILER_GLOBAL_ACCENT_COLOR_NAME = AccentColor;
				CODE_SIGN_STYLE = Automatic;
				INFOPLIST_FILE = "Chocofood-iOS-Internship-App/Info.plist";
				LD_RUNPATH_SEARCH_PATHS = (
					"$(inherited)",
					"@executable_path/Frameworks",
				);
				PRODUCT_BUNDLE_IDENTIFIER = "com.ars192.Chocofood-iOS-Internship-App";
				PRODUCT_NAME = "$(TARGET_NAME)";
				SWIFT_VERSION = 5.0;
				TARGETED_DEVICE_FAMILY = "1,2";
			};
			name = Release;
		};
/* End XCBuildConfiguration section */

/* Begin XCConfigurationList section */
		FB61F6DA25A4BDD800984F2A /* Build configuration list for PBXProject "Chocofood-iOS-Internship-App" */ = {
			isa = XCConfigurationList;
			buildConfigurations = (
				FB61F6F125A4BDDA00984F2A /* Debug */,
				FB61F6F225A4BDDA00984F2A /* Release */,
			);
			defaultConfigurationIsVisible = 0;
			defaultConfigurationName = Release;
		};
		FB61F6F325A4BDDA00984F2A /* Build configuration list for PBXNativeTarget "Chocofood-iOS-Internship-App" */ = {
			isa = XCConfigurationList;
			buildConfigurations = (
				FB61F6F425A4BDDA00984F2A /* Debug */,
				FB61F6F525A4BDDA00984F2A /* Release */,
			);
			defaultConfigurationIsVisible = 0;
			defaultConfigurationName = Release;
		};
/* End XCConfigurationList section */
	};
	rootObject = FB61F6D725A4BDD800984F2A /* Project object */;
}
